
Microsoft Visual Studio Solution File, Format Version 10.00
# Visual Studio 2008
Project("{FAE04EC0-301F-11D3-BF4B-00C04F79EFBC}") = "chapter6", "chapter6\chapter6.csproj", "{86D71748-A1E2-4EBD-A8C2-3CA982240C81}"
EndProject
Project("{FAE04EC0-301F-11D3-BF4B-00C04F79EFBC}") = "chapter6.Web", "chapter6.Web\chapter6.Web.csproj", "{2963BB63-0148-49C2-B6A8-AF851BD575AD}"
EndProject
Global
	GlobalSection(SolutionConfigurationPlatforms) = preSolution
		Debug|Any CPU = Debug|Any CPU
		Release|Any CPU = Release|Any CPU
	EndGlobalSection
	GlobalSection(ProjectConfigurationPlatforms) = postSolution
		{86D71748-A1E2-4EBD-A8C2-3CA982240C81}.Debug|Any CPU.ActiveCfg = Debug|Any CPU
		{86D71748-A1E2-4EBD-A8C2-3CA982240C81}.Debug|Any CPU.Build.0 = Debug|Any CPU
		{86D71748-A1E2-4EBD-A8C2-3CA982240C81}.Release|Any CPU.ActiveCfg = Release|Any CPU
		{86D71748-A1E2-4EBD-A8C2-3CA982240C81}.Release|Any CPU.Build.0 = Release|Any CPU
		{2963BB63-0148-49C2-B6A8-AF851BD575AD}.Debug|Any CPU.ActiveCfg = Debug|Any CPU
		{2963BB63-0148-49C2-B6A8-AF851BD575AD}.Debug|Any CPU.Build.0 = Debug|Any CPU
		{2963BB63-0148-49C2-B6A8-AF851BD575AD}.Release|Any CPU.ActiveCfg = Release|Any CPU
		{2963BB63-0148-49C2-B6A8-AF851BD575AD}.Release|Any CPU.Build.0 = Release|Any CPU
	EndGlobalSection
	GlobalSection(SolutionProperties) = preSolution
		HideSolutionNode = FALSE
	EndGlobalSection
EndGlobal
