
Microsoft Visual Studio Solution File, Format Version 10.00
# Visual Studio 2008
Project("{FAE04EC0-301F-11D3-BF4B-00C04F79EFBC}") = "SilverlightMenu", "SilverlightMenu\SilverlightMenu.csproj", "{DFF5CA92-6AD1-4D02-A370-022CB1B991C6}"
	ProjectSection(ProjectDependencies) = postProject
		{30CFCF8F-F33B-445B-B295-A2C3E874291E} = {30CFCF8F-F33B-445B-B295-A2C3E874291E}
	EndProjectSection
EndProject
Project("{FAE04EC0-301F-11D3-BF4B-00C04F79EFBC}") = "SilverlightMenu.Web", "SilverlightMenu.Web\SilverlightMenu.Web.csproj", "{30CFCF8F-F33B-445B-B295-A2C3E874291E}"
EndProject
Project("{FAE04EC0-301F-11D3-BF4B-00C04F79EFBC}") = "SL_Drag_Drop_BaseClasses", "SL_Drag_Drop_BaseClasses\SL_Drag_Drop_BaseClasses.csproj", "{912977D5-0889-4433-9C63-A37B01411EBC}"
EndProject
Global
	GlobalSection(SolutionConfigurationPlatforms) = preSolution
		Debug|Any CPU = Debug|Any CPU
		Release|Any CPU = Release|Any CPU
	EndGlobalSection
	GlobalSection(ProjectConfigurationPlatforms) = postSolution
		{DFF5CA92-6AD1-4D02-A370-022CB1B991C6}.Debug|Any CPU.ActiveCfg = Debug|Any CPU
		{DFF5CA92-6AD1-4D02-A370-022CB1B991C6}.Debug|Any CPU.Build.0 = Debug|Any CPU
		{DFF5CA92-6AD1-4D02-A370-022CB1B991C6}.Release|Any CPU.ActiveCfg = Release|Any CPU
		{DFF5CA92-6AD1-4D02-A370-022CB1B991C6}.Release|Any CPU.Build.0 = Release|Any CPU
		{30CFCF8F-F33B-445B-B295-A2C3E874291E}.Debug|Any CPU.ActiveCfg = Debug|Any CPU
		{30CFCF8F-F33B-445B-B295-A2C3E874291E}.Debug|Any CPU.Build.0 = Debug|Any CPU
		{30CFCF8F-F33B-445B-B295-A2C3E874291E}.Release|Any CPU.ActiveCfg = Release|Any CPU
		{30CFCF8F-F33B-445B-B295-A2C3E874291E}.Release|Any CPU.Build.0 = Release|Any CPU
		{912977D5-0889-4433-9C63-A37B01411EBC}.Debug|Any CPU.ActiveCfg = Debug|Any CPU
		{912977D5-0889-4433-9C63-A37B01411EBC}.Debug|Any CPU.Build.0 = Debug|Any CPU
		{912977D5-0889-4433-9C63-A37B01411EBC}.Release|Any CPU.ActiveCfg = Release|Any CPU
		{912977D5-0889-4433-9C63-A37B01411EBC}.Release|Any CPU.Build.0 = Release|Any CPU
	EndGlobalSection
	GlobalSection(SolutionProperties) = preSolution
		HideSolutionNode = FALSE
	EndGlobalSection
EndGlobal
