
Microsoft Visual Studio Solution File, Format Version 10.00
# Visual Studio 2008
Project("{FAE04EC0-301F-11D3-BF4B-00C04F79EFBC}") = "SampleSilverlightNavigationRIA", "SampleSilverlightNavigationRIA\SampleSilverlightNavigationRIA.csproj", "{E016B0DD-2B99-4A81-A5C9-1F14765D8150}"
EndProject
Project("{FAE04EC0-301F-11D3-BF4B-00C04F79EFBC}") = "SampleSilverlightNavigationRIA.Web", "SampleSilverlightNavigationRIA.Web\SampleSilverlightNavigationRIA.Web.csproj", "{42B46F02-8CCC-4839-8FE7-D0739E90C062}"
EndProject
Global
	GlobalSection(SolutionConfigurationPlatforms) = preSolution
		Debug|Any CPU = Debug|Any CPU
		Release|Any CPU = Release|Any CPU
	EndGlobalSection
	GlobalSection(ProjectConfigurationPlatforms) = postSolution
		{E016B0DD-2B99-4A81-A5C9-1F14765D8150}.Debug|Any CPU.ActiveCfg = Debug|Any CPU
		{E016B0DD-2B99-4A81-A5C9-1F14765D8150}.Debug|Any CPU.Build.0 = Debug|Any CPU
		{E016B0DD-2B99-4A81-A5C9-1F14765D8150}.Release|Any CPU.ActiveCfg = Release|Any CPU
		{E016B0DD-2B99-4A81-A5C9-1F14765D8150}.Release|Any CPU.Build.0 = Release|Any CPU
		{42B46F02-8CCC-4839-8FE7-D0739E90C062}.Debug|Any CPU.ActiveCfg = Debug|Any CPU
		{42B46F02-8CCC-4839-8FE7-D0739E90C062}.Debug|Any CPU.Build.0 = Debug|Any CPU
		{42B46F02-8CCC-4839-8FE7-D0739E90C062}.Release|Any CPU.ActiveCfg = Release|Any CPU
		{42B46F02-8CCC-4839-8FE7-D0739E90C062}.Release|Any CPU.Build.0 = Release|Any CPU
	EndGlobalSection
	GlobalSection(SolutionProperties) = preSolution
		HideSolutionNode = FALSE
	EndGlobalSection
EndGlobal
