
Microsoft Visual Studio Solution File, Format Version 10.00
# Visual Studio 2008
Project("{FAE04EC0-301F-11D3-BF4B-00C04F79EFBC}") = "JsMinifier", "JsMinifier.csproj", "{52F72515-F98A-47B4-8D56-62E0E8805953}"
EndProject
Global
	GlobalSection(SolutionConfigurationPlatforms) = preSolution
		Debug|Any CPU = Debug|Any CPU
		Release|Any CPU = Release|Any CPU
	EndGlobalSection
	GlobalSection(ProjectConfigurationPlatforms) = postSolution
		{52F72515-F98A-47B4-8D56-62E0E8805953}.Debug|Any CPU.ActiveCfg = Debug|Any CPU
		{52F72515-F98A-47B4-8D56-62E0E8805953}.Debug|Any CPU.Build.0 = Debug|Any CPU
		{52F72515-F98A-47B4-8D56-62E0E8805953}.Release|Any CPU.ActiveCfg = Release|Any CPU
		{52F72515-F98A-47B4-8D56-62E0E8805953}.Release|Any CPU.Build.0 = Release|Any CPU
	EndGlobalSection
	GlobalSection(SolutionProperties) = preSolution
		HideSolutionNode = FALSE
	EndGlobalSection
EndGlobal
