
Microsoft Visual Studio Solution File, Format Version 11.00
# Visual Studio 2010
Project("{FAE04EC0-301F-11D3-BF4B-00C04F79EFBC}") = "MultiSelect", "MultiSelect\MultiSelect.csproj", "{12ADB3A1-0942-4F51-A582-4C038C14A23E}"
EndProject
Global
	GlobalSection(SolutionConfigurationPlatforms) = preSolution
		Debug|Any CPU = Debug|Any CPU
		Release|Any CPU = Release|Any CPU
	EndGlobalSection
	GlobalSection(ProjectConfigurationPlatforms) = postSolution
		{12ADB3A1-0942-4F51-A582-4C038C14A23E}.Debug|Any CPU.ActiveCfg = Debug|Any CPU
		{12ADB3A1-0942-4F51-A582-4C038C14A23E}.Debug|Any CPU.Build.0 = Debug|Any CPU
		{12ADB3A1-0942-4F51-A582-4C038C14A23E}.Release|Any CPU.ActiveCfg = Release|Any CPU
		{12ADB3A1-0942-4F51-A582-4C038C14A23E}.Release|Any CPU.Build.0 = Release|Any CPU
	EndGlobalSection
	GlobalSection(SolutionProperties) = preSolution
		HideSolutionNode = FALSE
	EndGlobalSection
EndGlobal
