
Microsoft Visual Studio Solution File, Format Version 11.00
# Visual Studio 2010
Project("{FAE04EC0-301F-11D3-BF4B-00C04F79EFBC}") = "TimeTrakkerWeb", "TimeTrakkerWeb\TimeTrakkerWeb.csproj", "{341BC82E-22DF-4DE5-951D-CBA0ED14D454}"
EndProject
Project("{FAE04EC0-301F-11D3-BF4B-00C04F79EFBC}") = "TimeTrakkerBusiness", "TimeTrakkerBusiness\TimeTrakkerBusiness.csproj", "{AC801A0E-7B2B-42A4-A178-229D9D47E4A2}"
EndProject
Global
	GlobalSection(SolutionConfigurationPlatforms) = preSolution
		Debug|.NET = Debug|.NET
		Debug|Any CPU = Debug|Any CPU
		Debug|Mixed Platforms = Debug|Mixed Platforms
		DemoMode|.NET = DemoMode|.NET
		DemoMode|Any CPU = DemoMode|Any CPU
		DemoMode|Mixed Platforms = DemoMode|Mixed Platforms
		Release|.NET = Release|.NET
		Release|Any CPU = Release|Any CPU
		Release|Mixed Platforms = Release|Mixed Platforms
	EndGlobalSection
	GlobalSection(ProjectConfigurationPlatforms) = postSolution
		{341BC82E-22DF-4DE5-951D-CBA0ED14D454}.Debug|.NET.ActiveCfg = Debug|Any CPU
		{341BC82E-22DF-4DE5-951D-CBA0ED14D454}.Debug|Any CPU.ActiveCfg = Debug|Any CPU
		{341BC82E-22DF-4DE5-951D-CBA0ED14D454}.Debug|Any CPU.Build.0 = Debug|Any CPU
		{341BC82E-22DF-4DE5-951D-CBA0ED14D454}.Debug|Mixed Platforms.ActiveCfg = Debug|Any CPU
		{341BC82E-22DF-4DE5-951D-CBA0ED14D454}.Debug|Mixed Platforms.Build.0 = Debug|Any CPU
		{341BC82E-22DF-4DE5-951D-CBA0ED14D454}.DemoMode|.NET.ActiveCfg = Debug|Any CPU
		{341BC82E-22DF-4DE5-951D-CBA0ED14D454}.DemoMode|Any CPU.ActiveCfg = Debug|Any CPU
		{341BC82E-22DF-4DE5-951D-CBA0ED14D454}.DemoMode|Any CPU.Build.0 = Debug|Any CPU
		{341BC82E-22DF-4DE5-951D-CBA0ED14D454}.DemoMode|Mixed Platforms.ActiveCfg = Debug|Any CPU
		{341BC82E-22DF-4DE5-951D-CBA0ED14D454}.DemoMode|Mixed Platforms.Build.0 = Debug|Any CPU
		{341BC82E-22DF-4DE5-951D-CBA0ED14D454}.Release|.NET.ActiveCfg = Release|Any CPU
		{341BC82E-22DF-4DE5-951D-CBA0ED14D454}.Release|Any CPU.ActiveCfg = Release|Any CPU
		{341BC82E-22DF-4DE5-951D-CBA0ED14D454}.Release|Any CPU.Build.0 = Release|Any CPU
		{341BC82E-22DF-4DE5-951D-CBA0ED14D454}.Release|Mixed Platforms.ActiveCfg = Release|Any CPU
		{341BC82E-22DF-4DE5-951D-CBA0ED14D454}.Release|Mixed Platforms.Build.0 = Release|Any CPU
		{AC801A0E-7B2B-42A4-A178-229D9D47E4A2}.Debug|.NET.ActiveCfg = Debug|Any CPU
		{AC801A0E-7B2B-42A4-A178-229D9D47E4A2}.Debug|Any CPU.ActiveCfg = Debug|Any CPU
		{AC801A0E-7B2B-42A4-A178-229D9D47E4A2}.Debug|Any CPU.Build.0 = Debug|Any CPU
		{AC801A0E-7B2B-42A4-A178-229D9D47E4A2}.Debug|Mixed Platforms.ActiveCfg = Debug|Any CPU
		{AC801A0E-7B2B-42A4-A178-229D9D47E4A2}.Debug|Mixed Platforms.Build.0 = Debug|Any CPU
		{AC801A0E-7B2B-42A4-A178-229D9D47E4A2}.DemoMode|.NET.ActiveCfg = Debug|Any CPU
		{AC801A0E-7B2B-42A4-A178-229D9D47E4A2}.DemoMode|Any CPU.ActiveCfg = Debug|Any CPU
		{AC801A0E-7B2B-42A4-A178-229D9D47E4A2}.DemoMode|Any CPU.Build.0 = Debug|Any CPU
		{AC801A0E-7B2B-42A4-A178-229D9D47E4A2}.DemoMode|Mixed Platforms.ActiveCfg = Debug|Any CPU
		{AC801A0E-7B2B-42A4-A178-229D9D47E4A2}.DemoMode|Mixed Platforms.Build.0 = Debug|Any CPU
		{AC801A0E-7B2B-42A4-A178-229D9D47E4A2}.Release|.NET.ActiveCfg = Release|Any CPU
		{AC801A0E-7B2B-42A4-A178-229D9D47E4A2}.Release|Any CPU.ActiveCfg = Release|Any CPU
		{AC801A0E-7B2B-42A4-A178-229D9D47E4A2}.Release|Any CPU.Build.0 = Release|Any CPU
		{AC801A0E-7B2B-42A4-A178-229D9D47E4A2}.Release|Mixed Platforms.ActiveCfg = Release|Any CPU
		{AC801A0E-7B2B-42A4-A178-229D9D47E4A2}.Release|Mixed Platforms.Build.0 = Release|Any CPU
	EndGlobalSection
	GlobalSection(SolutionProperties) = preSolution
		HideSolutionNode = FALSE
	EndGlobalSection
	GlobalSection(ExtensibilityGlobals) = postSolution
		VisualSVNWorkingCopyRoot = 
	EndGlobalSection
	GlobalSection(TextTemplating) = postSolution
		TextTemplating = 1
	EndGlobalSection
EndGlobal
