
Microsoft Visual Studio Solution File, Format Version 11.00
# Visual Studio 2010
Project("{FAE04EC0-301F-11D3-BF4B-00C04F79EFBC}") = "WestWindWebToolkitWeb", "WestWindWebToolkitWeb\WestWindWebToolkitWeb.csproj", "{4DDAC9C9-5182-4AA2-A565-24F92E1F3E29}"
EndProject
Project("{FAE04EC0-301F-11D3-BF4B-00C04F79EFBC}") = "Westwind.Web", "Westwind.Web\Westwind.Web.csproj", "{54A21899-D5F4-4F43-B819-FDEE5CD93120}"
EndProject
Project("{FAE04EC0-301F-11D3-BF4B-00C04F79EFBC}") = "Westwind.Utilities", "Westwind.Utilities\Westwind.Utilities.csproj", "{F2A17F24-A9EB-4959-9C57-D2E371013B2E}"
EndProject
Project("{FAE04EC0-301F-11D3-BF4B-00C04F79EFBC}") = "Westwind.BusinessFramework", "Westwind.BusinessFramework\Westwind.BusinessFramework.csproj", "{FC58B1C4-81CE-47D9-A3A5-FD71737ED723}"
EndProject
Project("{FAE04EC0-301F-11D3-BF4B-00C04F79EFBC}") = "Westwind.Globalization", "Westwind.Globalization\Westwind.Globalization.csproj", "{51DECE39-764C-4C32-A57A-D93A5FD9BD6A}"
EndProject
Project("{FAE04EC0-301F-11D3-BF4B-00C04F79EFBC}") = "Westwind.GlobalizationWeb", "Westwind.GlobalizationWeb\Westwind.GlobalizationWeb.csproj", "{68108D3A-6F92-490E-95C1-A2E4550F2C3B}"
EndProject
Global
	GlobalSection(SolutionConfigurationPlatforms) = preSolution
		Debug|.NET = Debug|.NET
		Debug|Any CPU = Debug|Any CPU
		Debug|Mixed Platforms = Debug|Mixed Platforms
		DemoMode|.NET = DemoMode|.NET
		DemoMode|Any CPU = DemoMode|Any CPU
		DemoMode|Mixed Platforms = DemoMode|Mixed Platforms
		Release|.NET = Release|.NET
		Release|Any CPU = Release|Any CPU
		Release|Mixed Platforms = Release|Mixed Platforms
	EndGlobalSection
	GlobalSection(ProjectConfigurationPlatforms) = postSolution
		{4DDAC9C9-5182-4AA2-A565-24F92E1F3E29}.Debug|.NET.ActiveCfg = Debug|Any CPU
		{4DDAC9C9-5182-4AA2-A565-24F92E1F3E29}.Debug|Any CPU.ActiveCfg = Debug|Any CPU
		{4DDAC9C9-5182-4AA2-A565-24F92E1F3E29}.Debug|Any CPU.Build.0 = Debug|Any CPU
		{4DDAC9C9-5182-4AA2-A565-24F92E1F3E29}.Debug|Mixed Platforms.ActiveCfg = Debug|Any CPU
		{4DDAC9C9-5182-4AA2-A565-24F92E1F3E29}.Debug|Mixed Platforms.Build.0 = Debug|Any CPU
		{4DDAC9C9-5182-4AA2-A565-24F92E1F3E29}.DemoMode|.NET.ActiveCfg = DemoMode|Any CPU
		{4DDAC9C9-5182-4AA2-A565-24F92E1F3E29}.DemoMode|Any CPU.ActiveCfg = DemoMode|Any CPU
		{4DDAC9C9-5182-4AA2-A565-24F92E1F3E29}.DemoMode|Any CPU.Build.0 = DemoMode|Any CPU
		{4DDAC9C9-5182-4AA2-A565-24F92E1F3E29}.DemoMode|Mixed Platforms.ActiveCfg = DemoMode|Any CPU
		{4DDAC9C9-5182-4AA2-A565-24F92E1F3E29}.DemoMode|Mixed Platforms.Build.0 = DemoMode|Any CPU
		{4DDAC9C9-5182-4AA2-A565-24F92E1F3E29}.Release|.NET.ActiveCfg = Release|Any CPU
		{4DDAC9C9-5182-4AA2-A565-24F92E1F3E29}.Release|Any CPU.ActiveCfg = Release|Any CPU
		{4DDAC9C9-5182-4AA2-A565-24F92E1F3E29}.Release|Any CPU.Build.0 = Release|Any CPU
		{4DDAC9C9-5182-4AA2-A565-24F92E1F3E29}.Release|Mixed Platforms.ActiveCfg = Release|Any CPU
		{4DDAC9C9-5182-4AA2-A565-24F92E1F3E29}.Release|Mixed Platforms.Build.0 = Release|Any CPU
		{54A21899-D5F4-4F43-B819-FDEE5CD93120}.Debug|.NET.ActiveCfg = Debug|Any CPU
		{54A21899-D5F4-4F43-B819-FDEE5CD93120}.Debug|Any CPU.ActiveCfg = Debug|Any CPU
		{54A21899-D5F4-4F43-B819-FDEE5CD93120}.Debug|Any CPU.Build.0 = Debug|Any CPU
		{54A21899-D5F4-4F43-B819-FDEE5CD93120}.Debug|Mixed Platforms.ActiveCfg = Debug|Any CPU
		{54A21899-D5F4-4F43-B819-FDEE5CD93120}.Debug|Mixed Platforms.Build.0 = Debug|Any CPU
		{54A21899-D5F4-4F43-B819-FDEE5CD93120}.DemoMode|.NET.ActiveCfg = DemoMode|Any CPU
		{54A21899-D5F4-4F43-B819-FDEE5CD93120}.DemoMode|Any CPU.ActiveCfg = DemoMode|Any CPU
		{54A21899-D5F4-4F43-B819-FDEE5CD93120}.DemoMode|Any CPU.Build.0 = DemoMode|Any CPU
		{54A21899-D5F4-4F43-B819-FDEE5CD93120}.DemoMode|Mixed Platforms.ActiveCfg = DemoMode|Any CPU
		{54A21899-D5F4-4F43-B819-FDEE5CD93120}.DemoMode|Mixed Platforms.Build.0 = DemoMode|Any CPU
		{54A21899-D5F4-4F43-B819-FDEE5CD93120}.Release|.NET.ActiveCfg = Release|Any CPU
		{54A21899-D5F4-4F43-B819-FDEE5CD93120}.Release|Any CPU.ActiveCfg = Release|Any CPU
		{54A21899-D5F4-4F43-B819-FDEE5CD93120}.Release|Any CPU.Build.0 = Release|Any CPU
		{54A21899-D5F4-4F43-B819-FDEE5CD93120}.Release|Mixed Platforms.ActiveCfg = Release|Any CPU
		{54A21899-D5F4-4F43-B819-FDEE5CD93120}.Release|Mixed Platforms.Build.0 = Release|Any CPU
		{F2A17F24-A9EB-4959-9C57-D2E371013B2E}.Debug|.NET.ActiveCfg = Debug|Any CPU
		{F2A17F24-A9EB-4959-9C57-D2E371013B2E}.Debug|Any CPU.ActiveCfg = Debug|Any CPU
		{F2A17F24-A9EB-4959-9C57-D2E371013B2E}.Debug|Any CPU.Build.0 = Debug|Any CPU
		{F2A17F24-A9EB-4959-9C57-D2E371013B2E}.Debug|Mixed Platforms.ActiveCfg = Debug|Any CPU
		{F2A17F24-A9EB-4959-9C57-D2E371013B2E}.Debug|Mixed Platforms.Build.0 = Debug|Any CPU
		{F2A17F24-A9EB-4959-9C57-D2E371013B2E}.DemoMode|.NET.ActiveCfg = DemoMode|Any CPU
		{F2A17F24-A9EB-4959-9C57-D2E371013B2E}.DemoMode|Any CPU.ActiveCfg = DemoMode|Any CPU
		{F2A17F24-A9EB-4959-9C57-D2E371013B2E}.DemoMode|Any CPU.Build.0 = DemoMode|Any CPU
		{F2A17F24-A9EB-4959-9C57-D2E371013B2E}.DemoMode|Mixed Platforms.ActiveCfg = DemoMode|Any CPU
		{F2A17F24-A9EB-4959-9C57-D2E371013B2E}.DemoMode|Mixed Platforms.Build.0 = DemoMode|Any CPU
		{F2A17F24-A9EB-4959-9C57-D2E371013B2E}.Release|.NET.ActiveCfg = Release|Any CPU
		{F2A17F24-A9EB-4959-9C57-D2E371013B2E}.Release|Any CPU.ActiveCfg = Release|Any CPU
		{F2A17F24-A9EB-4959-9C57-D2E371013B2E}.Release|Any CPU.Build.0 = Release|Any CPU
		{F2A17F24-A9EB-4959-9C57-D2E371013B2E}.Release|Mixed Platforms.ActiveCfg = Release|Any CPU
		{F2A17F24-A9EB-4959-9C57-D2E371013B2E}.Release|Mixed Platforms.Build.0 = Release|Any CPU
		{FC58B1C4-81CE-47D9-A3A5-FD71737ED723}.Debug|.NET.ActiveCfg = Debug|Any CPU
		{FC58B1C4-81CE-47D9-A3A5-FD71737ED723}.Debug|Any CPU.ActiveCfg = Debug|Any CPU
		{FC58B1C4-81CE-47D9-A3A5-FD71737ED723}.Debug|Any CPU.Build.0 = Debug|Any CPU
		{FC58B1C4-81CE-47D9-A3A5-FD71737ED723}.Debug|Mixed Platforms.ActiveCfg = Debug|Any CPU
		{FC58B1C4-81CE-47D9-A3A5-FD71737ED723}.Debug|Mixed Platforms.Build.0 = Debug|Any CPU
		{FC58B1C4-81CE-47D9-A3A5-FD71737ED723}.DemoMode|.NET.ActiveCfg = DemoMode|Any CPU
		{FC58B1C4-81CE-47D9-A3A5-FD71737ED723}.DemoMode|Any CPU.ActiveCfg = DemoMode|Any CPU
		{FC58B1C4-81CE-47D9-A3A5-FD71737ED723}.DemoMode|Any CPU.Build.0 = DemoMode|Any CPU
		{FC58B1C4-81CE-47D9-A3A5-FD71737ED723}.DemoMode|Mixed Platforms.ActiveCfg = DemoMode|Any CPU
		{FC58B1C4-81CE-47D9-A3A5-FD71737ED723}.DemoMode|Mixed Platforms.Build.0 = DemoMode|Any CPU
		{FC58B1C4-81CE-47D9-A3A5-FD71737ED723}.Release|.NET.ActiveCfg = Release|Any CPU
		{FC58B1C4-81CE-47D9-A3A5-FD71737ED723}.Release|Any CPU.ActiveCfg = Release|Any CPU
		{FC58B1C4-81CE-47D9-A3A5-FD71737ED723}.Release|Any CPU.Build.0 = Release|Any CPU
		{FC58B1C4-81CE-47D9-A3A5-FD71737ED723}.Release|Mixed Platforms.ActiveCfg = Release|Any CPU
		{FC58B1C4-81CE-47D9-A3A5-FD71737ED723}.Release|Mixed Platforms.Build.0 = Release|Any CPU
		{51DECE39-764C-4C32-A57A-D93A5FD9BD6A}.Debug|.NET.ActiveCfg = Debug|Any CPU
		{51DECE39-764C-4C32-A57A-D93A5FD9BD6A}.Debug|Any CPU.ActiveCfg = Debug|Any CPU
		{51DECE39-764C-4C32-A57A-D93A5FD9BD6A}.Debug|Any CPU.Build.0 = Debug|Any CPU
		{51DECE39-764C-4C32-A57A-D93A5FD9BD6A}.Debug|Mixed Platforms.ActiveCfg = Debug|Any CPU
		{51DECE39-764C-4C32-A57A-D93A5FD9BD6A}.Debug|Mixed Platforms.Build.0 = Debug|Any CPU
		{51DECE39-764C-4C32-A57A-D93A5FD9BD6A}.DemoMode|.NET.ActiveCfg = DemoMode|Any CPU
		{51DECE39-764C-4C32-A57A-D93A5FD9BD6A}.DemoMode|Any CPU.ActiveCfg = DemoMode|Any CPU
		{51DECE39-764C-4C32-A57A-D93A5FD9BD6A}.DemoMode|Any CPU.Build.0 = DemoMode|Any CPU
		{51DECE39-764C-4C32-A57A-D93A5FD9BD6A}.DemoMode|Mixed Platforms.ActiveCfg = DemoMode|Any CPU
		{51DECE39-764C-4C32-A57A-D93A5FD9BD6A}.DemoMode|Mixed Platforms.Build.0 = DemoMode|Any CPU
		{51DECE39-764C-4C32-A57A-D93A5FD9BD6A}.Release|.NET.ActiveCfg = Release|Any CPU
		{51DECE39-764C-4C32-A57A-D93A5FD9BD6A}.Release|Any CPU.ActiveCfg = Release|Any CPU
		{51DECE39-764C-4C32-A57A-D93A5FD9BD6A}.Release|Any CPU.Build.0 = Release|Any CPU
		{51DECE39-764C-4C32-A57A-D93A5FD9BD6A}.Release|Mixed Platforms.ActiveCfg = Release|Any CPU
		{51DECE39-764C-4C32-A57A-D93A5FD9BD6A}.Release|Mixed Platforms.Build.0 = Release|Any CPU
		{68108D3A-6F92-490E-95C1-A2E4550F2C3B}.Debug|.NET.ActiveCfg = Debug|Any CPU
		{68108D3A-6F92-490E-95C1-A2E4550F2C3B}.Debug|Any CPU.ActiveCfg = Debug|Any CPU
		{68108D3A-6F92-490E-95C1-A2E4550F2C3B}.Debug|Any CPU.Build.0 = Debug|Any CPU
		{68108D3A-6F92-490E-95C1-A2E4550F2C3B}.Debug|Mixed Platforms.ActiveCfg = Debug|Any CPU
		{68108D3A-6F92-490E-95C1-A2E4550F2C3B}.Debug|Mixed Platforms.Build.0 = Debug|Any CPU
		{68108D3A-6F92-490E-95C1-A2E4550F2C3B}.DemoMode|.NET.ActiveCfg = DemoMode|Any CPU
		{68108D3A-6F92-490E-95C1-A2E4550F2C3B}.DemoMode|Any CPU.ActiveCfg = DemoMode|Any CPU
		{68108D3A-6F92-490E-95C1-A2E4550F2C3B}.DemoMode|Any CPU.Build.0 = DemoMode|Any CPU
		{68108D3A-6F92-490E-95C1-A2E4550F2C3B}.DemoMode|Mixed Platforms.ActiveCfg = DemoMode|Any CPU
		{68108D3A-6F92-490E-95C1-A2E4550F2C3B}.DemoMode|Mixed Platforms.Build.0 = DemoMode|Any CPU
		{68108D3A-6F92-490E-95C1-A2E4550F2C3B}.Release|.NET.ActiveCfg = Release|Any CPU
		{68108D3A-6F92-490E-95C1-A2E4550F2C3B}.Release|Any CPU.ActiveCfg = Release|Any CPU
		{68108D3A-6F92-490E-95C1-A2E4550F2C3B}.Release|Any CPU.Build.0 = Release|Any CPU
		{68108D3A-6F92-490E-95C1-A2E4550F2C3B}.Release|Mixed Platforms.ActiveCfg = Release|Any CPU
		{68108D3A-6F92-490E-95C1-A2E4550F2C3B}.Release|Mixed Platforms.Build.0 = Release|Any CPU
	EndGlobalSection
	GlobalSection(SolutionProperties) = preSolution
		HideSolutionNode = FALSE
	EndGlobalSection
EndGlobal
