
Microsoft Visual Studio Solution File, Format Version 10.00
# Visual Studio 2008
Project("{FAE04EC0-301F-11D3-BF4B-00C04F79EFBC}") = "Chapter1", "Chapter1.csproj", "{9BEA9FB2-59B3-42F2-801B-9D5BC61EBB93}"
EndProject
Project("{FAE04EC0-301F-11D3-BF4B-00C04F79EFBC}") = "Chapter1.Web", "..\Chapter1.Web\Chapter1.Web.csproj", "{D84F7192-819E-441D-9C31-7DE403946A73}"
EndProject
Global
	GlobalSection(SolutionConfigurationPlatforms) = preSolution
		Debug|Any CPU = Debug|Any CPU
		Release|Any CPU = Release|Any CPU
	EndGlobalSection
	GlobalSection(ProjectConfigurationPlatforms) = postSolution
		{9BEA9FB2-59B3-42F2-801B-9D5BC61EBB93}.Debug|Any CPU.ActiveCfg = Debug|Any CPU
		{9BEA9FB2-59B3-42F2-801B-9D5BC61EBB93}.Debug|Any CPU.Build.0 = Debug|Any CPU
		{9BEA9FB2-59B3-42F2-801B-9D5BC61EBB93}.Release|Any CPU.ActiveCfg = Release|Any CPU
		{9BEA9FB2-59B3-42F2-801B-9D5BC61EBB93}.Release|Any CPU.Build.0 = Release|Any CPU
		{D84F7192-819E-441D-9C31-7DE403946A73}.Debug|Any CPU.ActiveCfg = Debug|Any CPU
		{D84F7192-819E-441D-9C31-7DE403946A73}.Debug|Any CPU.Build.0 = Debug|Any CPU
		{D84F7192-819E-441D-9C31-7DE403946A73}.Release|Any CPU.ActiveCfg = Release|Any CPU
		{D84F7192-819E-441D-9C31-7DE403946A73}.Release|Any CPU.Build.0 = Release|Any CPU
	EndGlobalSection
	GlobalSection(SolutionProperties) = preSolution
		HideSolutionNode = FALSE
	EndGlobalSection
EndGlobal
